{
  "nodes": {
    "nixpkgs": {
      "locked": {
        "lastModified": 1714036091,
        "narHash": "sha256-955qP7mFh+Rt3NuzpksrKceReyD9JbcnNOcUrJRgl44=",
        "owner": "NixOS",
        "repo": "nixpkgs",
        "rev": "baf439a2e9b94ae55a5906fe403a79aa3a492e4f",
        "type": "github"
      },
      "original": {
        "owner": "NixOS",
        "ref": "master",
        "repo": "nixpkgs",
        "type": "github"
      }
    },
    "root": {
      "inputs": {
        "nixpkgs": "nixpkgs"
      }
    }
  },
  "root": "root",
  "version": 7
}
